
Microsoft Visual Studio Solution File, Format Version 12.00
# Visual Studio Version 16
VisualStudioVersion = 16.0.30309.148
MinimumVisualStudioVersion = 10.0.40219.1
Project("{FAE04EC0-301F-11D3-BF4B-00C04F79EFBC}") = "netcoreBackend", "netcoreBackend\netcoreBackend.csproj", "{F2B6E856-CD88-455D-8011-11A0018625CA}"
EndProject
Global
	GlobalSection(SolutionConfigurationPlatforms) = preSolution
		Debug|Any CPU = Debug|Any CPU
		Release|Any CPU = Release|Any CPU
	EndGlobalSection
	GlobalSection(ProjectConfigurationPlatforms) = postSolution
		{F2B6E856-CD88-455D-8011-11A0018625CA}.Debug|Any CPU.ActiveCfg = Debug|Any CPU
		{F2B6E856-CD88-455D-8011-11A0018625CA}.Debug|Any CPU.Build.0 = Debug|Any CPU
		{F2B6E856-CD88-455D-8011-11A0018625CA}.Release|Any CPU.ActiveCfg = Release|Any CPU
		{F2B6E856-CD88-455D-8011-11A0018625CA}.Release|Any CPU.Build.0 = Release|Any CPU
	EndGlobalSection
	GlobalSection(SolutionProperties) = preSolution
		HideSolutionNode = FALSE
	EndGlobalSection
	GlobalSection(ExtensibilityGlobals) = postSolution
		SolutionGuid = {02460FA5-3772-4C75-B93A-1F5BABF1CF49}
	EndGlobalSection
EndGlobal
